// !$*UTF8*$!
{
	archiveVersion = 1;
	classes = {
	};
	objectVersion = 46;
	objects = {

/* Begin PBXBuildFile section */
		1E2AB2EF18E6090B00D2887C /* UIKit.framework in Frameworks */ = {isa = PBXBuildFile; fileRef = 1E2AB2EE18E6090B00D2887C /* UIKit.framework */; };
		1E2AB2F118E6090B00D2887C /* Foundation.framework in Frameworks */ = {isa = PBXBuildFile; fileRef = 1E2AB2F018E6090B00D2887C /* Foundation.framework */; };
		1E2AB2F318E6090C00D2887C /* CoreGraphics.framework in Frameworks */ = {isa = PBXBuildFile; fileRef = 1E2AB2F218E6090B00D2887C /* CoreGraphics.framework */; };
		1E2AB2F918E6090C00D2887C /* InfoPlist.strings in Resources */ = {isa = PBXBuildFile; fileRef = 1E2AB2F718E6090C00D2887C /* InfoPlist.strings */; };
		1E2AB2FB18E6090C00D2887C /* main.m in Sources */ = {isa = PBXBuildFile; fileRef = 1E2AB2FA18E6090C00D2887C /* main.m */; };
		1E2AB2FF18E6090C00D2887C /* Quiz06AppDelegate.m in Sources */ = {isa = PBXBuildFile; fileRef = 1E2AB2FE18E6090C00D2887C /* Quiz06AppDelegate.m */; };
		1E2AB30218E6090C00D2887C /* MainStoryboard.storyboard in Resources */ = {isa = PBXBuildFile; fileRef = 1E2AB30018E6090C00D2887C /* MainStoryboard.storyboard */; };
		1E2AB30518E6090C00D2887C /* Quiz06MasterViewController.m in Sources */ = {isa = PBXBuildFile; fileRef = 1E2AB30418E6090C00D2887C /* Quiz06MasterViewController.m */; };
		1E2AB30818E6090C00D2887C /* Quiz06DetailViewController.m in Sources */ = {isa = PBXBuildFile; fileRef = 1E2AB30718E6090C00D2887C /* Quiz06DetailViewController.m */; };
		1E2AB31018E60A1600D2887C /* Task.m in Sources */ = {isa = PBXBuildFile; fileRef = 1E2AB30F18E60A1600D2887C /* Task.m */; };
/* End PBXBuildFile section */

/* Begin PBXFileReference section */
		1E2AB2EA18E6090B00D2887C /* Quiz06.app */ = {isa = PBXFileReference; explicitFileType = wrapper.application; includeInIndex = 0; path = Quiz06.app; sourceTree = BUILT_PRODUCTS_DIR; };
		1E2AB2EE18E6090B00D2887C /* UIKit.framework */ = {isa = PBXFileReference; lastKnownFileType = wrapper.framework; name = UIKit.framework; path = System/Library/Frameworks/UIKit.framework; sourceTree = SDKROOT; };
		1E2AB2F018E6090B00D2887C /* Foundation.framework */ = {isa = PBXFileReference; lastKnownFileType = wrapper.framework; name = Foundation.framework; path = System/Library/Frameworks/Foundation.framework; sourceTree = SDKROOT; };
		1E2AB2F218E6090B00D2887C /* CoreGraphics.framework */ = {isa = PBXFileReference; lastKnownFileType = wrapper.framework; name = CoreGraphics.framework; path = System/Library/Frameworks/CoreGraphics.framework; sourceTree = SDKROOT; };
		1E2AB2F618E6090C00D2887C /* Quiz06-Info.plist */ = {isa = PBXFileReference; lastKnownFileType = text.plist.xml; path = "Quiz06-Info.plist"; sourceTree = "<group>"; };
		1E2AB2F818E6090C00D2887C /* en */ = {isa = PBXFileReference; lastKnownFileType = text.plist.strings; name = en; path = en.lproj/InfoPlist.strings; sourceTree = "<group>"; };
		1E2AB2FA18E6090C00D2887C /* main.m */ = {isa = PBXFileReference; lastKnownFileType = sourcecode.c.objc; path = main.m; sourceTree = "<group>"; };
		1E2AB2FC18E6090C00D2887C /* Quiz06-Prefix.pch */ = {isa = PBXFileReference; lastKnownFileType = sourcecode.c.h; path = "Quiz06-Prefix.pch"; sourceTree = "<group>"; };
		1E2AB2FD18E6090C00D2887C /* Quiz06AppDelegate.h */ = {isa = PBXFileReference; lastKnownFileType = sourcecode.c.h; path = Quiz06AppDelegate.h; sourceTree = "<group>"; };
		1E2AB2FE18E6090C00D2887C /* Quiz06AppDelegate.m */ = {isa = PBXFileReference; lastKnownFileType = sourcecode.c.objc; path = Quiz06AppDelegate.m; sourceTree = "<group>"; };
		1E2AB30118E6090C00D2887C /* en */ = {isa = PBXFileReference; lastKnownFileType = file.storyboard; name = en; path = en.lproj/MainStoryboard.storyboard; sourceTree = "<group>"; };
		1E2AB30318E6090C00D2887C /* Quiz06MasterViewController.h */ = {isa = PBXFileReference; lastKnownFileType = sourcecode.c.h; path = Quiz06MasterViewController.h; sourceTree = "<group>"; };
		1E2AB30418E6090C00D2887C /* Quiz06MasterViewController.m */ = {isa = PBXFileReference; lastKnownFileType = sourcecode.c.objc; path = Quiz06MasterViewController.m; sourceTree = "<group>"; };
		1E2AB30618E6090C00D2887C /* Quiz06DetailViewController.h */ = {isa = PBXFileReference; lastKnownFileType = sourcecode.c.h; path = Quiz06DetailViewController.h; sourceTree = "<group>"; };
		1E2AB30718E6090C00D2887C /* Quiz06DetailViewController.m */ = {isa = PBXFileReference; lastKnownFileType = sourcecode.c.objc; path = Quiz06DetailViewController.m; sourceTree = "<group>"; };
		1E2AB30E18E60A1600D2887C /* Task.h */ = {isa = PBXFileReference; fileEncoding = 4; lastKnownFileType = sourcecode.c.h; path = Task.h; sourceTree = "<group>"; };
		1E2AB30F18E60A1600D2887C /* Task.m */ = {isa = PBXFileReference; fileEncoding = 4; lastKnownFileType = sourcecode.c.objc; path = Task.m; sourceTree = "<group>"; };
/* End PBXFileReference section */

/* Begin PBXFrameworksBuildPhase section */
		1E2AB2E718E6090B00D2887C /* Frameworks */ = {
			isa = PBXFrameworksBuildPhase;
			buildActionMask = 2147483647;
			files = (
				1E2AB2EF18E6090B00D2887C /* UIKit.framework in Frameworks */,
				1E2AB2F118E6090B00D2887C /* Foundation.framework in Frameworks */,
				1E2AB2F318E6090C00D2887C /* CoreGraphics.framework in Frameworks */,
			);
			runOnlyForDeploymentPostprocessing = 0;
		};
/* End PBXFrameworksBuildPhase section */

/* Begin PBXGroup section */
		1E2AB2DF18E6090B00D2887C = {
			isa = PBXGroup;
			children = (
				1E2AB2F418E6090C00D2887C /* Quiz06 */,
				1E2AB2ED18E6090B00D2887C /* Frameworks */,
				1E2AB2EB18E6090B00D2887C /* Products */,
			);
			sourceTree = "<group>";
		};
		1E2AB2EB18E6090B00D2887C /* Products */ = {
			isa = PBXGroup;
			children = (
				1E2AB2EA18E6090B00D2887C /* Quiz06.app */,
			);
			name = Products;
			sourceTree = "<group>";
		};
		1E2AB2ED18E6090B00D2887C /* Frameworks */ = {
			isa = PBXGroup;
			children = (
				1E2AB2EE18E6090B00D2887C /* UIKit.framework */,
				1E2AB2F018E6090B00D2887C /* Foundation.framework */,
				1E2AB2F218E6090B00D2887C /* CoreGraphics.framework */,
			);
			name = Frameworks;
			sourceTree = "<group>";
		};
		1E2AB2F418E6090C00D2887C /* Quiz06 */ = {
			isa = PBXGroup;
			children = (
				1E2AB2FD18E6090C00D2887C /* Quiz06AppDelegate.h */,
				1E2AB2FE18E6090C00D2887C /* Quiz06AppDelegate.m */,
				1E2AB30018E6090C00D2887C /* MainStoryboard.storyboard */,
				1E2AB30318E6090C00D2887C /* Quiz06MasterViewController.h */,
				1E2AB30418E6090C00D2887C /* Quiz06MasterViewController.m */,
				1E2AB30E18E60A1600D2887C /* Task.h */,
				1E2AB30F18E60A1600D2887C /* Task.m */,
				1E2AB30618E6090C00D2887C /* Quiz06DetailViewController.h */,
				1E2AB30718E6090C00D2887C /* Quiz06DetailViewController.m */,
				1E2AB2F518E6090C00D2887C /* Supporting Files */,
			);
			path = Quiz06;
			sourceTree = "<group>";
		};
		1E2AB2F518E6090C00D2887C /* Supporting Files */ = {
			isa = PBXGroup;
			children = (
				1E2AB2F618E6090C00D2887C /* Quiz06-Info.plist */,
				1E2AB2F718E6090C00D2887C /* InfoPlist.strings */,
				1E2AB2FA18E6090C00D2887C /* main.m */,
				1E2AB2FC18E6090C00D2887C /* Quiz06-Prefix.pch */,
			);
			name = "Supporting Files";
			sourceTree = "<group>";
		};
/* End PBXGroup section */

/* Begin PBXNativeTarget section */
		1E2AB2E918E6090B00D2887C /* Quiz06 */ = {
			isa = PBXNativeTarget;
			buildConfigurationList = 1E2AB30B18E6090C00D2887C /* Build configuration list for PBXNativeTarget "Quiz06" */;
			buildPhases = (
				1E2AB2E618E6090B00D2887C /* Sources */,
				1E2AB2E718E6090B00D2887C /* Frameworks */,
				1E2AB2E818E6090B00D2887C /* Resources */,
			);
			buildRules = (
			);
			dependencies = (
			);
			name = Quiz06;
			productName = Quiz06;
			productReference = 1E2AB2EA18E6090B00D2887C /* Quiz06.app */;
			productType = "com.apple.product-type.application";
		};
/* End PBXNativeTarget section */

/* Begin PBXProject section */
		1E2AB2E118E6090B00D2887C /* Project object */ = {
			isa = PBXProject;
			attributes = {
				CLASSPREFIX = Quiz06;
				LastUpgradeCheck = 0440;
				ORGANIZATIONNAME = "Lewis Cooper";
			};
			buildConfigurationList = 1E2AB2E418E6090B00D2887C /* Build configuration list for PBXProject "Quiz06" */;
			compatibilityVersion = "Xcode 3.2";
			developmentRegion = English;
			hasScannedForEncodings = 0;
			knownRegions = (
				en,
			);
			mainGroup = 1E2AB2DF18E6090B00D2887C;
			productRefGroup = 1E2AB2EB18E6090B00D2887C /* Products */;
			projectDirPath = "";
			projectRoot = "";
			targets = (
				1E2AB2E918E6090B00D2887C /* Quiz06 */,
			);
		};
/* End PBXProject section */

/* Begin PBXResourcesBuildPhase section */
		1E2AB2E818E6090B00D2887C /* Resources */ = {
			isa = PBXResourcesBuildPhase;
			buildActionMask = 2147483647;
			files = (
				1E2AB2F918E6090C00D2887C /* InfoPlist.strings in Resources */,
				1E2AB30218E6090C00D2887C /* MainStoryboard.storyboard in Resources */,
			);
			runOnlyForDeploymentPostprocessing = 0;
		};
/* End PBXResourcesBuildPhase section */

/* Begin PBXSourcesBuildPhase section */
		1E2AB2E618E6090B00D2887C /* Sources */ = {
			isa = PBXSourcesBuildPhase;
			buildActionMask = 2147483647;
			files = (
				1E2AB2FB18E6090C00D2887C /* main.m in Sources */,
				1E2AB2FF18E6090C00D2887C /* Quiz06AppDelegate.m in Sources */,
				1E2AB30518E6090C00D2887C /* Quiz06MasterViewController.m in Sources */,
				1E2AB30818E6090C00D2887C /* Quiz06DetailViewController.m in Sources */,
				1E2AB31018E60A1600D2887C /* Task.m in Sources */,
			);
			runOnlyForDeploymentPostprocessing = 0;
		};
/* End PBXSourcesBuildPhase section */

/* Begin PBXVariantGroup section */
		1E2AB2F718E6090C00D2887C /* InfoPlist.strings */ = {
			isa = PBXVariantGroup;
			children = (
				1E2AB2F818E6090C00D2887C /* en */,
			);
			name = InfoPlist.strings;
			sourceTree = "<group>";
		};
		1E2AB30018E6090C00D2887C /* MainStoryboard.storyboard */ = {
			isa = PBXVariantGroup;
			children = (
				1E2AB30118E6090C00D2887C /* en */,
			);
			name = MainStoryboard.storyboard;
			sourceTree = "<group>";
		};
/* End PBXVariantGroup section */

/* Begin XCBuildConfiguration section */
		1E2AB30918E6090C00D2887C /* Debug */ = {
			isa = XCBuildConfiguration;
			buildSettings = {
				ALWAYS_SEARCH_USER_PATHS = NO;
				ARCHS = "$(ARCHS_STANDARD_32_BIT)";
				CLANG_CXX_LANGUAGE_STANDARD = "gnu++0x";
				CLANG_ENABLE_OBJC_ARC = YES;
				CLANG_WARN__DUPLICATE_METHOD_MATCH = YES;
				"CODE_SIGN_IDENTITY[sdk=iphoneos*]" = "iPhone Developer";
				COPY_PHASE_STRIP = NO;
				GCC_C_LANGUAGE_STANDARD = gnu99;
				GCC_DYNAMIC_NO_PIC = NO;
				GCC_OPTIMIZATION_LEVEL = 0;
				GCC_PREPROCESSOR_DEFINITIONS = (
					"DEBUG=1",
					"$(inherited)",
				);
				GCC_SYMBOLS_PRIVATE_EXTERN = NO;
				GCC_VERSION = com.apple.compilers.llvm.clang.1_0;
				GCC_WARN_ABOUT_RETURN_TYPE = YES;
				GCC_WARN_UNINITIALIZED_AUTOS = YES;
				GCC_WARN_UNUSED_VARIABLE = YES;
				IPHONEOS_DEPLOYMENT_TARGET = 5.1;
				SDKROOT = iphoneos;
			};
			name = Debug;
		};
		1E2AB30A18E6090C00D2887C /* Release */ = {
			isa = XCBuildConfiguration;
			buildSettings = {
				ALWAYS_SEARCH_USER_PATHS = NO;
				ARCHS = "$(ARCHS_STANDARD_32_BIT)";
				CLANG_CXX_LANGUAGE_STANDARD = "gnu++0x";
				CLANG_ENABLE_OBJC_ARC = YES;
				CLANG_WARN__DUPLICATE_METHOD_MATCH = YES;
				"CODE_SIGN_IDENTITY[sdk=iphoneos*]" = "iPhone Developer";
				COPY_PHASE_STRIP = YES;
				GCC_C_LANGUAGE_STANDARD = gnu99;
				GCC_VERSION = com.apple.compilers.llvm.clang.1_0;
				GCC_WARN_ABOUT_RETURN_TYPE = YES;
				GCC_WARN_UNINITIALIZED_AUTOS = YES;
				GCC_WARN_UNUSED_VARIABLE = YES;
				IPHONEOS_DEPLOYMENT_TARGET = 5.1;
				OTHER_CFLAGS = "-DNS_BLOCK_ASSERTIONS=1";
				SDKROOT = iphoneos;
				VALIDATE_PRODUCT = YES;
			};
			name = Release;
		};
		1E2AB30C18E6090C00D2887C /* Debug */ = {
			isa = XCBuildConfiguration;
			buildSettings = {
				GCC_PRECOMPILE_PREFIX_HEADER = YES;
				GCC_PREFIX_HEADER = "Quiz06/Quiz06-Prefix.pch";
				INFOPLIST_FILE = "Quiz06/Quiz06-Info.plist";
				PRODUCT_NAME = "$(TARGET_NAME)";
				WRAPPER_EXTENSION = app;
			};
			name = Debug;
		};
		1E2AB30D18E6090C00D2887C /* Release */ = {
			isa = XCBuildConfiguration;
			buildSettings = {
				GCC_PRECOMPILE_PREFIX_HEADER = YES;
				GCC_PREFIX_HEADER = "Quiz06/Quiz06-Prefix.pch";
				INFOPLIST_FILE = "Quiz06/Quiz06-Info.plist";
				PRODUCT_NAME = "$(TARGET_NAME)";
				WRAPPER_EXTENSION = app;
			};
			name = Release;
		};
/* End XCBuildConfiguration section */

/* Begin XCConfigurationList section */
		1E2AB2E418E6090B00D2887C /* Build configuration list for PBXProject "Quiz06" */ = {
			isa = XCConfigurationList;
			buildConfigurations = (
				1E2AB30918E6090C00D2887C /* Debug */,
				1E2AB30A18E6090C00D2887C /* Release */,
			);
			defaultConfigurationIsVisible = 0;
			defaultConfigurationName = Release;
		};
		1E2AB30B18E6090C00D2887C /* Build configuration list for PBXNativeTarget "Quiz06" */ = {
			isa = XCConfigurationList;
			buildConfigurations = (
				1E2AB30C18E6090C00D2887C /* Debug */,
				1E2AB30D18E6090C00D2887C /* Release */,
			);
			defaultConfigurationIsVisible = 0;
		};
/* End XCConfigurationList section */
	};
	rootObject = 1E2AB2E118E6090B00D2887C /* Project object */;
}
